// !$*UTF8*$!
{
	archiveVersion = 1;
	classes = {
	};
	objectVersion = 50;
	objects = {

/* Begin PBXBuildFile section */
		F5A3176C2579D29E0036EFF4 /* Emoji_WidApp.swift in Sources */ = {isa = PBXBuildFile; fileRef = F5A3176B2579D29E0036EFF4 /* Emoji_WidApp.swift */; };
		F5A3176E2579D29E0036EFF4 /* EmojibookListView.swift in Sources */ = {isa = PBXBuildFile; fileRef = F5A3176D2579D29E0036EFF4 /* EmojibookListView.swift */; };
		F5A317702579D2A40036EFF4 /* Assets.xcassets in Resources */ = {isa = PBXBuildFile; fileRef = F5A3176F2579D2A40036EFF4 /* Assets.xcassets */; };
		F5A317732579D2A40036EFF4 /* Preview Assets.xcassets in Resources */ = {isa = PBXBuildFile; fileRef = F5A317722579D2A40036EFF4 /* Preview Assets.xcassets */; };
		F5A3177D2579D7C20036EFF4 /* EmojiDetails.swift in Sources */ = {isa = PBXBuildFile; fileRef = F5A3177C2579D7C20036EFF4 /* EmojiDetails.swift */; };
		F5A317802579D8280036EFF4 /* EmojiProvider.swift in Sources */ = {isa = PBXBuildFile; fileRef = F5A3177F2579D8280036EFF4 /* EmojiProvider.swift */; };
/* End PBXBuildFile section */

/* Begin PBXFileReference section */
		F5A317682579D29E0036EFF4 /* Emoji Wid.app */ = {isa = PBXFileReference; explicitFileType = wrapper.application; includeInIndex = 0; path = "Emoji Wid.app"; sourceTree = BUILT_PRODUCTS_DIR; };
		F5A3176B2579D29E0036EFF4 /* Emoji_WidApp.swift */ = {isa = PBXFileReference; lastKnownFileType = sourcecode.swift; path = Emoji_WidApp.swift; sourceTree = "<group>"; };
		F5A3176D2579D29E0036EFF4 /* EmojibookListView.swift */ = {isa = PBXFileReference; lastKnownFileType = sourcecode.swift; path = EmojibookListView.swift; sourceTree = "<group>"; };
		F5A3176F2579D2A40036EFF4 /* Assets.xcassets */ = {isa = PBXFileReference; lastKnownFileType = folder.assetcatalog; path = Assets.xcassets; sourceTree = "<group>"; };
		F5A317722579D2A40036EFF4 /* Preview Assets.xcassets */ = {isa = PBXFileReference; lastKnownFileType = folder.assetcatalog; path = "Preview Assets.xcassets"; sourceTree = "<group>"; };
		F5A317742579D2A40036EFF4 /* Info.plist */ = {isa = PBXFileReference; lastKnownFileType = text.plist.xml; path = Info.plist; sourceTree = "<group>"; };
		F5A3177C2579D7C20036EFF4 /* EmojiDetails.swift */ = {isa = PBXFileReference; lastKnownFileType = sourcecode.swift; path = EmojiDetails.swift; sourceTree = "<group>"; };
		F5A3177F2579D8280036EFF4 /* EmojiProvider.swift */ = {isa = PBXFileReference; lastKnownFileType = sourcecode.swift; path = EmojiProvider.swift; sourceTree = "<group>"; };
/* End PBXFileReference section */

/* Begin PBXFrameworksBuildPhase section */
		F5A317652579D29E0036EFF4 /* Frameworks */ = {
			isa = PBXFrameworksBuildPhase;
			buildActionMask = 2147483647;
			files = (
			);
			runOnlyForDeploymentPostprocessing = 0;
		};
/* End PBXFrameworksBuildPhase section */

/* Begin PBXGroup section */
		F5A3175F2579D29D0036EFF4 = {
			isa = PBXGroup;
			children = (
				F5A3176A2579D29E0036EFF4 /* Emoji Wid */,
				F5A317692579D29E0036EFF4 /* Products */,
			);
			sourceTree = "<group>";
		};
		F5A317692579D29E0036EFF4 /* Products */ = {
			isa = PBXGroup;
			children = (
				F5A317682579D29E0036EFF4 /* Emoji Wid.app */,
			);
			name = Products;
			sourceTree = "<group>";
		};
		F5A3176A2579D29E0036EFF4 /* Emoji Wid */ = {
			isa = PBXGroup;
			children = (
				F5A3176B2579D29E0036EFF4 /* Emoji_WidApp.swift */,
				F5A3176D2579D29E0036EFF4 /* EmojibookListView.swift */,
				F5A3177C2579D7C20036EFF4 /* EmojiDetails.swift */,
				F5A3177F2579D8280036EFF4 /* EmojiProvider.swift */,
				F5A3176F2579D2A40036EFF4 /* Assets.xcassets */,
				F5A317742579D2A40036EFF4 /* Info.plist */,
				F5A317712579D2A40036EFF4 /* Preview Content */,
			);
			path = "Emoji Wid";
			sourceTree = "<group>";
		};
		F5A317712579D2A40036EFF4 /* Preview Content */ = {
			isa = PBXGroup;
			children = (
				F5A317722579D2A40036EFF4 /* Preview Assets.xcassets */,
			);
			path = "Preview Content";
			sourceTree = "<group>";
		};
/* End PBXGroup section */

/* Begin PBXNativeTarget section */
		F5A317672579D29E0036EFF4 /* Emoji Wid */ = {
			isa = PBXNativeTarget;
			buildConfigurationList = F5A317772579D2A40036EFF4 /* Build configuration list for PBXNativeTarget "Emoji Wid" */;
			buildPhases = (
				F5A317642579D29E0036EFF4 /* Sources */,
				F5A317652579D29E0036EFF4 /* Frameworks */,
				F5A317662579D29E0036EFF4 /* Resources */,
			);
			buildRules = (
			);
			dependencies = (
			);
			name = "Emoji Wid";
			productName = "Emoji Wid";
			productReference = F5A317682579D29E0036EFF4 /* Emoji Wid.app */;
			productType = "com.apple.product-type.application";
		};
/* End PBXNativeTarget section */

/* Begin PBXProject section */
		F5A317602579D29D0036EFF4 /* Project object */ = {
			isa = PBXProject;
			attributes = {
				LastSwiftUpdateCheck = 1220;
				LastUpgradeCheck = 1220;
				TargetAttributes = {
					F5A317672579D29E0036EFF4 = {
						CreatedOnToolsVersion = 12.2;
					};
				};
			};
			buildConfigurationList = F5A317632579D29D0036EFF4 /* Build configuration list for PBXProject "Emoji Wid" */;
			compatibilityVersion = "Xcode 9.3";
			developmentRegion = en;
			hasScannedForEncodings = 0;
			knownRegions = (
				en,
				Base,
			);
			mainGroup = F5A3175F2579D29D0036EFF4;
			productRefGroup = F5A317692579D29E0036EFF4 /* Products */;
			projectDirPath = "";
			projectRoot = "";
			targets = (
				F5A317672579D29E0036EFF4 /* Emoji Wid */,
			);
		};
/* End PBXProject section */

/* Begin PBXResourcesBuildPhase section */
		F5A317662579D29E0036EFF4 /* Resources */ = {
			isa = PBXResourcesBuildPhase;
			buildActionMask = 2147483647;
			files = (
				F5A317732579D2A40036EFF4 /* Preview Assets.xcassets in Resources */,
				F5A317702579D2A40036EFF4 /* Assets.xcassets in Resources */,
			);
			runOnlyForDeploymentPostprocessing = 0;
		};
/* End PBXResourcesBuildPhase section */

/* Begin PBXSourcesBuildPhase section */
		F5A317642579D29E0036EFF4 /* Sources */ = {
			isa = PBXSourcesBuildPhase;
			buildActionMask = 2147483647;
			files = (
				F5A3176E2579D29E0036EFF4 /* EmojibookListView.swift in Sources */,
				F5A317802579D8280036EFF4 /* EmojiProvider.swift in Sources */,
				F5A3176C2579D29E0036EFF4 /* Emoji_WidApp.swift in Sources */,
				F5A3177D2579D7C20036EFF4 /* EmojiDetails.swift in Sources */,
			);
			runOnlyForDeploymentPostprocessing = 0;
		};
/* End PBXSourcesBuildPhase section */

/* Begin XCBuildConfiguration section */
		F5A317752579D2A40036EFF4 /* Debug */ = {
			isa = XCBuildConfiguration;
			buildSettings = {
				ALWAYS_SEARCH_USER_PATHS = NO;
				CLANG_ANALYZER_NONNULL = YES;
				CLANG_ANALYZER_NUMBER_OBJECT_CONVERSION = YES_AGGRESSIVE;
				CLANG_CXX_LANGUAGE_STANDARD = "gnu++14";
				CLANG_CXX_LIBRARY = "libc++";
				CLANG_ENABLE_MODULES = YES;
				CLANG_ENABLE_OBJC_ARC = YES;
				CLANG_ENABLE_OBJC_WEAK = YES;
				CLANG_WARN_BLOCK_CAPTURE_AUTORELEASING = YES;
				CLANG_WARN_BOOL_CONVERSION = YES;
				CLANG_WARN_COMMA = YES;
				CLANG_WARN_CONSTANT_CONVERSION = YES;
				CLANG_WARN_DEPRECATED_OBJC_IMPLEMENTATIONS = YES;
				CLANG_WARN_DIRECT_OBJC_ISA_USAGE = YES_ERROR;
				CLANG_WARN_DOCUMENTATION_COMMENTS = YES;
				CLANG_WARN_EMPTY_BODY = YES;
				CLANG_WARN_ENUM_CONVERSION = YES;
				CLANG_WARN_INFINITE_RECURSION = YES;
				CLANG_WARN_INT_CONVERSION = YES;
				CLANG_WARN_NON_LITERAL_NULL_CONVERSION = YES;
				CLANG_WARN_OBJC_IMPLICIT_RETAIN_SELF = YES;
				CLANG_WARN_OBJC_LITERAL_CONVERSION = YES;
				CLANG_WARN_OBJC_ROOT_CLASS = YES_ERROR;
				CLANG_WARN_QUOTED_INCLUDE_IN_FRAMEWORK_HEADER = YES;
				CLANG_WARN_RANGE_LOOP_ANALYSIS = YES;
				CLANG_WARN_STRICT_PROTOTYPES = YES;
				CLANG_WARN_SUSPICIOUS_MOVE = YES;
				CLANG_WARN_UNGUARDED_AVAILABILITY = YES_AGGRESSIVE;
				CLANG_WARN_UNREACHABLE_CODE = YES;
				CLANG_WARN__DUPLICATE_METHOD_MATCH = YES;
				COPY_PHASE_STRIP = NO;
				DEBUG_INFORMATION_FORMAT = dwarf;
				ENABLE_STRICT_OBJC_MSGSEND = YES;
				ENABLE_TESTABILITY = YES;
				GCC_C_LANGUAGE_STANDARD = gnu11;
				GCC_DYNAMIC_NO_PIC = NO;
				GCC_NO_COMMON_BLOCKS = YES;
				GCC_OPTIMIZATION_LEVEL = 0;
				GCC_PREPROCESSOR_DEFINITIONS = (
					"DEBUG=1",
					"$(inherited)",
				);
				GCC_WARN_64_TO_32_BIT_CONVERSION = YES;
				GCC_WARN_ABOUT_RETURN_TYPE = YES_ERROR;
				GCC_WARN_UNDECLARED_SELECTOR = YES;
				GCC_WARN_UNINITIALIZED_AUTOS = YES_AGGRESSIVE;
				GCC_WARN_UNUSED_FUNCTION = YES;
				GCC_WARN_UNUSED_VARIABLE = YES;
				IPHONEOS_DEPLOYMENT_TARGET = 14.2;
				MTL_ENABLE_DEBUG_INFO = INCLUDE_SOURCE;
				MTL_FAST_MATH = YES;
				ONLY_ACTIVE_ARCH = YES;
				SDKROOT = iphoneos;
				SWIFT_ACTIVE_COMPILATION_CONDITIONS = DEBUG;
				SWIFT_OPTIMIZATION_LEVEL = "-Onone";
			};
			name = Debug;
		};
		F5A317762579D2A40036EFF4 /* Release */ = {
			isa = XCBuildConfiguration;
			buildSettings = {
				ALWAYS_SEARCH_USER_PATHS = NO;
				CLANG_ANALYZER_NONNULL = YES;
				CLANG_ANALYZER_NUMBER_OBJECT_CONVERSION = YES_AGGRESSIVE;
				CLANG_CXX_LANGUAGE_STANDARD = "gnu++14";
				CLANG_CXX_LIBRARY = "libc++";
				CLANG_ENABLE_MODULES = YES;
				CLANG_ENABLE_OBJC_ARC = YES;
				CLANG_ENABLE_OBJC_WEAK = YES;
				CLANG_WARN_BLOCK_CAPTURE_AUTORELEASING = YES;
				CLANG_WARN_BOOL_CONVERSION = YES;
				CLANG_WARN_COMMA = YES;
				CLANG_WARN_CONSTANT_CONVERSION = YES;
				CLANG_WARN_DEPRECATED_OBJC_IMPLEMENTATIONS = YES;
				CLANG_WARN_DIRECT_OBJC_ISA_USAGE = YES_ERROR;
				CLANG_WARN_DOCUMENTATION_COMMENTS = YES;
				CLANG_WARN_EMPTY_BODY = YES;
				CLANG_WARN_ENUM_CONVERSION = YES;
				CLANG_WARN_INFINITE_RECURSION = YES;
				CLANG_WARN_INT_CONVERSION = YES;
				CLANG_WARN_NON_LITERAL_NULL_CONVERSION = YES;
				CLANG_WARN_OBJC_IMPLICIT_RETAIN_SELF = YES;
				CLANG_WARN_OBJC_LITERAL_CONVERSION = YES;
				CLANG_WARN_OBJC_ROOT_CLASS = YES_ERROR;
				CLANG_WARN_QUOTED_INCLUDE_IN_FRAMEWORK_HEADER = YES;
				CLANG_WARN_RANGE_LOOP_ANALYSIS = YES;
				CLANG_WARN_STRICT_PROTOTYPES = YES;
				CLANG_WARN_SUSPICIOUS_MOVE = YES;
				CLANG_WARN_UNGUARDED_AVAILABILITY = YES_AGGRESSIVE;
				CLANG_WARN_UNREACHABLE_CODE = YES;
				CLANG_WARN__DUPLICATE_METHOD_MATCH = YES;
				COPY_PHASE_STRIP = NO;
				DEBUG_INFORMATION_FORMAT = "dwarf-with-dsym";
				ENABLE_NS_ASSERTIONS = NO;
				ENABLE_STRICT_OBJC_MSGSEND = YES;
				GCC_C_LANGUAGE_STANDARD = gnu11;
				GCC_NO_COMMON_BLOCKS = YES;
				GCC_WARN_64_TO_32_BIT_CONVERSION = YES;
				GCC_WARN_ABOUT_RETURN_TYPE = YES_ERROR;
				GCC_WARN_UNDECLARED_SELECTOR = YES;
				GCC_WARN_UNINITIALIZED_AUTOS = YES_AGGRESSIVE;
				GCC_WARN_UNUSED_FUNCTION = YES;
				GCC_WARN_UNUSED_VARIABLE = YES;
				IPHONEOS_DEPLOYMENT_TARGET = 14.2;
				MTL_ENABLE_DEBUG_INFO = NO;
				MTL_FAST_MATH = YES;
				SDKROOT = iphoneos;
				SWIFT_COMPILATION_MODE = wholemodule;
				SWIFT_OPTIMIZATION_LEVEL = "-O";
				VALIDATE_PRODUCT = YES;
			};
			name = Release;
		};
		F5A317782579D2A40036EFF4 /* Debug */ = {
			isa = XCBuildConfiguration;
			buildSettings = {
				ASSETCATALOG_COMPILER_APPICON_NAME = AppIcon;
				ASSETCATALOG_COMPILER_GLOBAL_ACCENT_COLOR_NAME = AccentColor;
				CODE_SIGN_STYLE = Automatic;
				DEVELOPMENT_ASSET_PATHS = "\"Emoji Wid/Preview Content\"";
				DEVELOPMENT_TEAM = 4WM2BL94N5;
				ENABLE_PREVIEWS = YES;
				INFOPLIST_FILE = "Emoji Wid/Info.plist";
				IPHONEOS_DEPLOYMENT_TARGET = 14.0;
				LD_RUNPATH_SEARCH_PATHS = (
					"$(inherited)",
					"@executable_path/Frameworks",
				);
				PRODUCT_BUNDLE_IDENTIFIER = "in.co.redphoenix.d1.Emoji-Wid";
				PRODUCT_NAME = "$(TARGET_NAME)";
				SWIFT_VERSION = 5.0;
				TARGETED_DEVICE_FAMILY = "1,2";
			};
			name = Debug;
		};
		F5A317792579D2A40036EFF4 /* Release */ = {
			isa = XCBuildConfiguration;
			buildSettings = {
				ASSETCATALOG_COMPILER_APPICON_NAME = AppIcon;
				ASSETCATALOG_COMPILER_GLOBAL_ACCENT_COLOR_NAME = AccentColor;
				CODE_SIGN_STYLE = Automatic;
				DEVELOPMENT_ASSET_PATHS = "\"Emoji Wid/Preview Content\"";
				DEVELOPMENT_TEAM = 4WM2BL94N5;
				ENABLE_PREVIEWS = YES;
				INFOPLIST_FILE = "Emoji Wid/Info.plist";
				IPHONEOS_DEPLOYMENT_TARGET = 14.0;
				LD_RUNPATH_SEARCH_PATHS = (
					"$(inherited)",
					"@executable_path/Frameworks",
				);
				PRODUCT_BUNDLE_IDENTIFIER = "in.co.redphoenix.d1.Emoji-Wid";
				PRODUCT_NAME = "$(TARGET_NAME)";
				SWIFT_VERSION = 5.0;
				TARGETED_DEVICE_FAMILY = "1,2";
			};
			name = Release;
		};
/* End XCBuildConfiguration section */

/* Begin XCConfigurationList section */
		F5A317632579D29D0036EFF4 /* Build configuration list for PBXProject "Emoji Wid" */ = {
			isa = XCConfigurationList;
			buildConfigurations = (
				F5A317752579D2A40036EFF4 /* Debug */,
				F5A317762579D2A40036EFF4 /* Release */,
			);
			defaultConfigurationIsVisible = 0;
			defaultConfigurationName = Release;
		};
		F5A317772579D2A40036EFF4 /* Build configuration list for PBXNativeTarget "Emoji Wid" */ = {
			isa = XCConfigurationList;
			buildConfigurations = (
				F5A317782579D2A40036EFF4 /* Debug */,
				F5A317792579D2A40036EFF4 /* Release */,
			);
			defaultConfigurationIsVisible = 0;
			defaultConfigurationName = Release;
		};
/* End XCConfigurationList section */
	};
	rootObject = F5A317602579D29D0036EFF4 /* Project object */;
}
